# THIS IS AN AUTOGENERATED FILE. DO NOT EDIT THIS FILE DIRECTLY.
# yarn lockfile v1


generate-maze@^0.2.0:
  version "0.2.0"
  resolved "https://registry.yarnpkg.com/generate-maze/-/generate-maze-0.2.0.tgz#1b1140352fbc9bdabe5f4c8eab72d0faf45b7993"
  integrity sha512-gB9eK/GxsoycgqkDOLNyN4xBvCeKVdMzzhAgNw++RffHYwRZCj31jf1GrrBnRZ7taJyv0OzEcW3eMA/qAu5bZA==
